
Microsoft Visual Studio Solution File, Format Version 12.00
# Visual Studio 14
VisualStudioVersion = 14.0.25420.1
MinimumVisualStudioVersion = 10.0.40219.1
Project("{FAE04EC0-301F-11D3-BF4B-00C04F79EFBC}") = "Interviews", "Interviews\Interviews.csproj", "{22922932-464B-49B8-8919-594B330A46D1}"
EndProject
Project("{FAE04EC0-301F-11D3-BF4B-00C04F79EFBC}") = "InterviewsUnitTests", "InterviewsUnitTests\InterviewsUnitTests.csproj", "{B1469FD6-22AE-4B46-A7B0-9F59FE9E7F97}"
EndProject
Global
	GlobalSection(SolutionConfigurationPlatforms) = preSolution
		Debug|Any CPU = Debug|Any CPU
		Release|Any CPU = Release|Any CPU
	EndGlobalSection
	GlobalSection(ProjectConfigurationPlatforms) = postSolution
		{22922932-464B-49B8-8919-594B330A46D1}.Debug|Any CPU.ActiveCfg = Debug|Any CPU
		{22922932-464B-49B8-8919-594B330A46D1}.Debug|Any CPU.Build.0 = Debug|Any CPU
		{22922932-464B-49B8-8919-594B330A46D1}.Release|Any CPU.ActiveCfg = Release|Any CPU
		{22922932-464B-49B8-8919-594B330A46D1}.Release|Any CPU.Build.0 = Release|Any CPU
		{B1469FD6-22AE-4B46-A7B0-9F59FE9E7F97}.Debug|Any CPU.ActiveCfg = Debug|Any CPU
		{B1469FD6-22AE-4B46-A7B0-9F59FE9E7F97}.Debug|Any CPU.Build.0 = Debug|Any CPU
		{B1469FD6-22AE-4B46-A7B0-9F59FE9E7F97}.Release|Any CPU.ActiveCfg = Release|Any CPU
		{B1469FD6-22AE-4B46-A7B0-9F59FE9E7F97}.Release|Any CPU.Build.0 = Release|Any CPU
	EndGlobalSection
	GlobalSection(SolutionProperties) = preSolution
		HideSolutionNode = FALSE
	EndGlobalSection
EndGlobal
